
Microsoft Visual Studio Solution File, Format Version 12.00
# Visual Studio Version 16
VisualStudioVersion = 16.0.31129.286
MinimumVisualStudioVersion = 10.0.40219.1
Project("{FAE04EC0-301F-11D3-BF4B-00C04F79EFBC}") = "Lab21_25", "Lab21_25\Lab21_25.csproj", "{50BE21DA-1742-49CE-8DDB-92B710244F58}"
EndProject
Global
	GlobalSection(SolutionConfigurationPlatforms) = preSolution
		Debug|Any CPU = Debug|Any CPU
		Release|Any CPU = Release|Any CPU
	EndGlobalSection
	GlobalSection(ProjectConfigurationPlatforms) = postSolution
		{50BE21DA-1742-49CE-8DDB-92B710244F58}.Debug|Any CPU.ActiveCfg = Debug|Any CPU
		{50BE21DA-1742-49CE-8DDB-92B710244F58}.Debug|Any CPU.Build.0 = Debug|Any CPU
		{50BE21DA-1742-49CE-8DDB-92B710244F58}.Release|Any CPU.ActiveCfg = Release|Any CPU
		{50BE21DA-1742-49CE-8DDB-92B710244F58}.Release|Any CPU.Build.0 = Release|Any CPU
	EndGlobalSection
	GlobalSection(SolutionProperties) = preSolution
		HideSolutionNode = FALSE
	EndGlobalSection
	GlobalSection(ExtensibilityGlobals) = postSolution
		SolutionGuid = {7D3E6B7B-2B65-4DE3-BA41-8736003FD536}
	EndGlobalSection
EndGlobal
